
Microsoft Visual Studio Solution File, Format Version 12.00
# Visual Studio 15
VisualStudioVersion = 15.0.28010.2019
MinimumVisualStudioVersion = 10.0.40219.1
Project("{FAE04EC0-301F-11D3-BF4B-00C04F79EFBC}") = "Lab3", "Lab3\Lab3.csproj", "{EEC19E35-9337-40FE-A078-A3C927E1E410}"
EndProject
Global
	GlobalSection(SolutionConfigurationPlatforms) = preSolution
		Debug|Any CPU = Debug|Any CPU
		Release|Any CPU = Release|Any CPU
	EndGlobalSection
	GlobalSection(ProjectConfigurationPlatforms) = postSolution
		{EEC19E35-9337-40FE-A078-A3C927E1E410}.Debug|Any CPU.ActiveCfg = Debug|Any CPU
		{EEC19E35-9337-40FE-A078-A3C927E1E410}.Debug|Any CPU.Build.0 = Debug|Any CPU
		{EEC19E35-9337-40FE-A078-A3C927E1E410}.Release|Any CPU.ActiveCfg = Release|Any CPU
		{EEC19E35-9337-40FE-A078-A3C927E1E410}.Release|Any CPU.Build.0 = Release|Any CPU
	EndGlobalSection
	GlobalSection(SolutionProperties) = preSolution
		HideSolutionNode = FALSE
	EndGlobalSection
	GlobalSection(ExtensibilityGlobals) = postSolution
		SolutionGuid = {626D9B3D-8F60-4033-A863-4A9645637C68}
	EndGlobalSection
EndGlobal
